# This file is automatically @generated by Cargo.
# It is not intended for manual editing.
version = 4

[[package]]
name = "effractor-core"
version = "0.1.0"

[[package]]
name = "effractor-format"
version = "0.1.0"
dependencies = [
 "effractor-core",
 "effractor-mal",
]

[[package]]
name = "effractor-mal"
version = "0.1.0"
dependencies = [
 "effractor-core",
]

[[package]]
name = "effractor-server"
version = "0.1.0"

[[package]]
name = "effractor-solver"
version = "0.1.0"
dependencies = [
 "effractor-core",
]

[[package]]
name = "effractor-wasm"
version = "0.1.0"
dependencies = [
 "effractor-core",
 "effractor-format",
 "effractor-solver",
]
